// !$*UTF8*$!
{
	archiveVersion = 1;
	classes = {
	};
	objectVersion = 50;
	objects = {

/* Begin PBXBuildFile section */
		0552A00324FDE141DE4FCA11 /* libPods-CleveroadTestTask.a in Frameworks */ = {isa = PBXBuildFile; fileRef = E90F1AE57D0347DBFA8D91BF /* libPods-CleveroadTestTask.a */; };
		E95997112195CA45002EEAB6 /* AppDelegate.swift in Sources */ = {isa = PBXBuildFile; fileRef = E95997102195CA45002EEAB6 /* AppDelegate.swift */; };
		E95997182195CA47002EEAB6 /* Assets.xcassets in Resources */ = {isa = PBXBuildFile; fileRef = E95997172195CA47002EEAB6 /* Assets.xcassets */; };
		E959971B2195CA47002EEAB6 /* LaunchScreen.storyboard in Resources */ = {isa = PBXBuildFile; fileRef = E95997192195CA47002EEAB6 /* LaunchScreen.storyboard */; };
		E96D92CE2195D1DC00C5F298 /* UsersListPresenter.swift in Sources */ = {isa = PBXBuildFile; fileRef = E96D92C82195D1DC00C5F298 /* UsersListPresenter.swift */; };
		E96D92CF2195D1DC00C5F298 /* UsersListRouting.swift in Sources */ = {isa = PBXBuildFile; fileRef = E96D92C92195D1DC00C5F298 /* UsersListRouting.swift */; };
		E96D92D02195D1DC00C5F298 /* UsersListModels.swift in Sources */ = {isa = PBXBuildFile; fileRef = E96D92CA2195D1DC00C5F298 /* UsersListModels.swift */; };
		E96D92D12195D1DC00C5F298 /* UsersListViewController.swift in Sources */ = {isa = PBXBuildFile; fileRef = E96D92CB2195D1DC00C5F298 /* UsersListViewController.swift */; };
		E96D92D22195D1DC00C5F298 /* UsersListInteractor.swift in Sources */ = {isa = PBXBuildFile; fileRef = E96D92CC2195D1DC00C5F298 /* UsersListInteractor.swift */; };
		E96D92D32195D1DC00C5F298 /* UsersListConfigurator.swift in Sources */ = {isa = PBXBuildFile; fileRef = E96D92CD2195D1DC00C5F298 /* UsersListConfigurator.swift */; };
		E96D92D72195D25B00C5F298 /* String+QueueLabel.swift in Sources */ = {isa = PBXBuildFile; fileRef = E96D92D62195D25A00C5F298 /* String+QueueLabel.swift */; };
		E96D92DA2195D28800C5F298 /* UsersListUsersFetcherProtocol.swift in Sources */ = {isa = PBXBuildFile; fileRef = E96D92D92195D28800C5F298 /* UsersListUsersFetcherProtocol.swift */; };
		E96D92DC2195D3B800C5F298 /* UsersListUsersFetcher.swift in Sources */ = {isa = PBXBuildFile; fileRef = E96D92DB2195D3B800C5F298 /* UsersListUsersFetcher.swift */; };
		E96D92E12195D60D00C5F298 /* CellViewModelProtocol.swift in Sources */ = {isa = PBXBuildFile; fileRef = E96D92E02195D60C00C5F298 /* CellViewModelProtocol.swift */; };
		E96D92E32195D63B00C5F298 /* UIViewController+Nib.swift in Sources */ = {isa = PBXBuildFile; fileRef = E96D92E22195D63B00C5F298 /* UIViewController+Nib.swift */; };
		E96D92E52195D68600C5F298 /* UsersListTableViewCell.swift in Sources */ = {isa = PBXBuildFile; fileRef = E96D92E42195D68600C5F298 /* UsersListTableViewCell.swift */; };
		E96D92EB2195DA7900C5F298 /* UserApiModel.swift in Sources */ = {isa = PBXBuildFile; fileRef = E96D92EA2195DA7900C5F298 /* UserApiModel.swift */; };
		E96D92ED2195DB8500C5F298 /* NetworkAdapter.swift in Sources */ = {isa = PBXBuildFile; fileRef = E96D92EC2195DB8500C5F298 /* NetworkAdapter.swift */; };
		E96D92EF2195DCAE00C5F298 /* UsersRequestBuilder.swift in Sources */ = {isa = PBXBuildFile; fileRef = E96D92EE2195DCAE00C5F298 /* UsersRequestBuilder.swift */; };
		E96D92F12195DE6300C5F298 /* TargetTypeModel.swift in Sources */ = {isa = PBXBuildFile; fileRef = E96D92F02195DE6300C5F298 /* TargetTypeModel.swift */; };
		E96D92F42195DF4D00C5F298 /* RequestBuilder.swift in Sources */ = {isa = PBXBuildFile; fileRef = E96D92F32195DF4D00C5F298 /* RequestBuilder.swift */; };
		E96D92F62195E0B300C5F298 /* UsersModel.swift in Sources */ = {isa = PBXBuildFile; fileRef = E96D92F52195E0B300C5F298 /* UsersModel.swift */; };
		E96D92F82195E0D400C5F298 /* APIErrorModel.swift in Sources */ = {isa = PBXBuildFile; fileRef = E96D92F72195E0D400C5F298 /* APIErrorModel.swift */; };
		E96D92FA2195E12300C5F298 /* UsersApi.swift in Sources */ = {isa = PBXBuildFile; fileRef = E96D92F92195E12300C5F298 /* UsersApi.swift */; };
		E96D92FC2195E14B00C5F298 /* Api.swift in Sources */ = {isa = PBXBuildFile; fileRef = E96D92FB2195E14B00C5F298 /* Api.swift */; };
		E96D92FE2195E3DF00C5F298 /* Codable+Extensions.swift in Sources */ = {isa = PBXBuildFile; fileRef = E96D92FD2195E3DF00C5F298 /* Codable+Extensions.swift */; };
		E96D930021972F5700C5F298 /* UIView+Loading.swift in Sources */ = {isa = PBXBuildFile; fileRef = E96D92FF21972F5700C5F298 /* UIView+Loading.swift */; };
		E96D930421973B6F00C5F298 /* UIFont+Theme.swift in Sources */ = {isa = PBXBuildFile; fileRef = E96D930321973B6F00C5F298 /* UIFont+Theme.swift */; };
		E96D93072197478300C5F298 /* RootNavigationViewController.swift in Sources */ = {isa = PBXBuildFile; fileRef = E96D93062197478300C5F298 /* RootNavigationViewController.swift */; };
		E96D93092197493800C5F298 /* AppController.swift in Sources */ = {isa = PBXBuildFile; fileRef = E96D93082197493800C5F298 /* AppController.swift */; };
		E96D930B21974C1300C5F298 /* BaseFlowController.swift in Sources */ = {isa = PBXBuildFile; fileRef = E96D930A21974C1300C5F298 /* BaseFlowController.swift */; };
		E96D930D21974C3C00C5F298 /* UsersListFlowController.swift in Sources */ = {isa = PBXBuildFile; fileRef = E96D930C21974C3C00C5F298 /* UsersListFlowController.swift */; };
		E96D930F2197598600C5F298 /* UsersListSavedUsersFetcher.swift in Sources */ = {isa = PBXBuildFile; fileRef = E96D930E2197598600C5F298 /* UsersListSavedUsersFetcher.swift */; };
		E96D9312219857FF00C5F298 /* RealmUsersStorage.swift in Sources */ = {isa = PBXBuildFile; fileRef = E96D9311219857FF00C5F298 /* RealmUsersStorage.swift */; };
		E96D9314219858C800C5F298 /* UsersStorageProtocol.swift in Sources */ = {isa = PBXBuildFile; fileRef = E96D9313219858C800C5F298 /* UsersStorageProtocol.swift */; };
		E96D93162198593100C5F298 /* RealmUserModel.swift in Sources */ = {isa = PBXBuildFile; fileRef = E96D93152198593100C5F298 /* RealmUserModel.swift */; };
		E96D9319219861A500C5F298 /* UserModel.swift in Sources */ = {isa = PBXBuildFile; fileRef = E96D9318219861A500C5F298 /* UserModel.swift */; };
		E96D93212198A7FD00C5F298 /* EditUserProfilePresenter.swift in Sources */ = {isa = PBXBuildFile; fileRef = E96D931B2198A7FD00C5F298 /* EditUserProfilePresenter.swift */; };
		E96D93222198A7FD00C5F298 /* EditUserProfileRouting.swift in Sources */ = {isa = PBXBuildFile; fileRef = E96D931C2198A7FD00C5F298 /* EditUserProfileRouting.swift */; };
		E96D93232198A7FD00C5F298 /* EditUserProfileModels.swift in Sources */ = {isa = PBXBuildFile; fileRef = E96D931D2198A7FD00C5F298 /* EditUserProfileModels.swift */; };
		E96D93242198A7FD00C5F298 /* EditUserProfileViewController.swift in Sources */ = {isa = PBXBuildFile; fileRef = E96D931E2198A7FD00C5F298 /* EditUserProfileViewController.swift */; };
		E96D93252198A7FD00C5F298 /* EditUserProfileInteractor.swift in Sources */ = {isa = PBXBuildFile; fileRef = E96D931F2198A7FD00C5F298 /* EditUserProfileInteractor.swift */; };
		E96D93262198A7FD00C5F298 /* EditUserProfileConfigurator.swift in Sources */ = {isa = PBXBuildFile; fileRef = E96D93202198A7FD00C5F298 /* EditUserProfileConfigurator.swift */; };
		E96D93292198BBFD00C5F298 /* EditUserProfileTitleTextFieldCell.swift in Sources */ = {isa = PBXBuildFile; fileRef = E96D93282198BBFD00C5F298 /* EditUserProfileTitleTextFieldCell.swift */; };
		E96D932B2198C0BE00C5F298 /* NavigationController.swift in Sources */ = {isa = PBXBuildFile; fileRef = E96D932A2198C0BE00C5F298 /* NavigationController.swift */; };
		E96D932D21996B1500C5F298 /* EditUserProfileUserImageView.swift in Sources */ = {isa = PBXBuildFile; fileRef = E96D932C21996B1500C5F298 /* EditUserProfileUserImageView.swift */; };
		E96D932F2199A13A00C5F298 /* KeyboardController.swift in Sources */ = {isa = PBXBuildFile; fileRef = E96D932E2199A13A00C5F298 /* KeyboardController.swift */; };
		E96D93312199A20600C5F298 /* Array+RemoveObject.swift in Sources */ = {isa = PBXBuildFile; fileRef = E96D93302199A20600C5F298 /* Array+RemoveObject.swift */; };
/* End PBXBuildFile section */

/* Begin PBXFileReference section */
		220C0593EC17365C9EFB46BC /* Pods-CleveroadTestTask.release.xcconfig */ = {isa = PBXFileReference; includeInIndex = 1; lastKnownFileType = text.xcconfig; name = "Pods-CleveroadTestTask.release.xcconfig"; path = "Pods/Target Support Files/Pods-CleveroadTestTask/Pods-CleveroadTestTask.release.xcconfig"; sourceTree = "<group>"; };
		47EB458585247FE734110D2B /* Pods-CleveroadTestTask.debug.xcconfig */ = {isa = PBXFileReference; includeInIndex = 1; lastKnownFileType = text.xcconfig; name = "Pods-CleveroadTestTask.debug.xcconfig"; path = "Pods/Target Support Files/Pods-CleveroadTestTask/Pods-CleveroadTestTask.debug.xcconfig"; sourceTree = "<group>"; };
		E90F1AE57D0347DBFA8D91BF /* libPods-CleveroadTestTask.a */ = {isa = PBXFileReference; explicitFileType = archive.ar; includeInIndex = 0; path = "libPods-CleveroadTestTask.a"; sourceTree = BUILT_PRODUCTS_DIR; };
		E959970D2195CA45002EEAB6 /* CleveroadTestTask.app */ = {isa = PBXFileReference; explicitFileType = wrapper.application; includeInIndex = 0; path = CleveroadTestTask.app; sourceTree = BUILT_PRODUCTS_DIR; };
		E95997102195CA45002EEAB6 /* AppDelegate.swift */ = {isa = PBXFileReference; lastKnownFileType = sourcecode.swift; path = AppDelegate.swift; sourceTree = "<group>"; };
		E95997172195CA47002EEAB6 /* Assets.xcassets */ = {isa = PBXFileReference; lastKnownFileType = folder.assetcatalog; path = Assets.xcassets; sourceTree = "<group>"; };
		E959971A2195CA47002EEAB6 /* Base */ = {isa = PBXFileReference; lastKnownFileType = file.storyboard; name = Base; path = Base.lproj/LaunchScreen.storyboard; sourceTree = "<group>"; };
		E959971C2195CA47002EEAB6 /* Info.plist */ = {isa = PBXFileReference; lastKnownFileType = text.plist.xml; path = Info.plist; sourceTree = "<group>"; };
		E96D92C82195D1DC00C5F298 /* UsersListPresenter.swift */ = {isa = PBXFileReference; lastKnownFileType = sourcecode.swift; path = UsersListPresenter.swift; sourceTree = "<group>"; };
		E96D92C92195D1DC00C5F298 /* UsersListRouting.swift */ = {isa = PBXFileReference; lastKnownFileType = sourcecode.swift; path = UsersListRouting.swift; sourceTree = "<group>"; };
		E96D92CA2195D1DC00C5F298 /* UsersListModels.swift */ = {isa = PBXFileReference; lastKnownFileType = sourcecode.swift; path = UsersListModels.swift; sourceTree = "<group>"; };
		E96D92CB2195D1DC00C5F298 /* UsersListViewController.swift */ = {isa = PBXFileReference; lastKnownFileType = sourcecode.swift; path = UsersListViewController.swift; sourceTree = "<group>"; };
		E96D92CC2195D1DC00C5F298 /* UsersListInteractor.swift */ = {isa = PBXFileReference; lastKnownFileType = sourcecode.swift; path = UsersListInteractor.swift; sourceTree = "<group>"; };
		E96D92CD2195D1DC00C5F298 /* UsersListConfigurator.swift */ = {isa = PBXFileReference; lastKnownFileType = sourcecode.swift; path = UsersListConfigurator.swift; sourceTree = "<group>"; };
		E96D92D62195D25A00C5F298 /* String+QueueLabel.swift */ = {isa = PBXFileReference; fileEncoding = 4; lastKnownFileType = sourcecode.swift; path = "String+QueueLabel.swift"; sourceTree = "<group>"; };
		E96D92D92195D28800C5F298 /* UsersListUsersFetcherProtocol.swift */ = {isa = PBXFileReference; lastKnownFileType = sourcecode.swift; path = UsersListUsersFetcherProtocol.swift; sourceTree = "<group>"; };
		E96D92DB2195D3B800C5F298 /* UsersListUsersFetcher.swift */ = {isa = PBXFileReference; lastKnownFileType = sourcecode.swift; path = UsersListUsersFetcher.swift; sourceTree = "<group>"; };
		E96D92E02195D60C00C5F298 /* CellViewModelProtocol.swift */ = {isa = PBXFileReference; fileEncoding = 4; lastKnownFileType = sourcecode.swift; path = CellViewModelProtocol.swift; sourceTree = "<group>"; };
		E96D92E22195D63B00C5F298 /* UIViewController+Nib.swift */ = {isa = PBXFileReference; fileEncoding = 4; lastKnownFileType = sourcecode.swift; path = "UIViewController+Nib.swift"; sourceTree = "<group>"; };
		E96D92E42195D68600C5F298 /* UsersListTableViewCell.swift */ = {isa = PBXFileReference; lastKnownFileType = sourcecode.swift; path = UsersListTableViewCell.swift; sourceTree = "<group>"; };
		E96D92EA2195DA7900C5F298 /* UserApiModel.swift */ = {isa = PBXFileReference; lastKnownFileType = sourcecode.swift; path = UserApiModel.swift; sourceTree = "<group>"; };
		E96D92EC2195DB8500C5F298 /* NetworkAdapter.swift */ = {isa = PBXFileReference; fileEncoding = 4; lastKnownFileType = sourcecode.swift; path = NetworkAdapter.swift; sourceTree = "<group>"; };
		E96D92EE2195DCAE00C5F298 /* UsersRequestBuilder.swift */ = {isa = PBXFileReference; lastKnownFileType = sourcecode.swift; path = UsersRequestBuilder.swift; sourceTree = "<group>"; };
		E96D92F02195DE6300C5F298 /* TargetTypeModel.swift */ = {isa = PBXFileReference; lastKnownFileType = sourcecode.swift; path = TargetTypeModel.swift; sourceTree = "<group>"; };
		E96D92F32195DF4D00C5F298 /* RequestBuilder.swift */ = {isa = PBXFileReference; lastKnownFileType = sourcecode.swift; path = RequestBuilder.swift; sourceTree = "<group>"; };
		E96D92F52195E0B300C5F298 /* UsersModel.swift */ = {isa = PBXFileReference; lastKnownFileType = sourcecode.swift; path = UsersModel.swift; sourceTree = "<group>"; };
		E96D92F72195E0D400C5F298 /* APIErrorModel.swift */ = {isa = PBXFileReference; lastKnownFileType = sourcecode.swift; path = APIErrorModel.swift; sourceTree = "<group>"; };
		E96D92F92195E12300C5F298 /* UsersApi.swift */ = {isa = PBXFileReference; lastKnownFileType = sourcecode.swift; path = UsersApi.swift; sourceTree = "<group>"; };
		E96D92FB2195E14B00C5F298 /* Api.swift */ = {isa = PBXFileReference; lastKnownFileType = sourcecode.swift; path = Api.swift; sourceTree = "<group>"; };
		E96D92FD2195E3DF00C5F298 /* Codable+Extensions.swift */ = {isa = PBXFileReference; fileEncoding = 4; lastKnownFileType = sourcecode.swift; path = "Codable+Extensions.swift"; sourceTree = "<group>"; };
		E96D92FF21972F5700C5F298 /* UIView+Loading.swift */ = {isa = PBXFileReference; fileEncoding = 4; lastKnownFileType = sourcecode.swift; path = "UIView+Loading.swift"; sourceTree = "<group>"; };
		E96D930321973B6F00C5F298 /* UIFont+Theme.swift */ = {isa = PBXFileReference; lastKnownFileType = sourcecode.swift; path = "UIFont+Theme.swift"; sourceTree = "<group>"; };
		E96D93062197478300C5F298 /* RootNavigationViewController.swift */ = {isa = PBXFileReference; lastKnownFileType = sourcecode.swift; path = RootNavigationViewController.swift; sourceTree = "<group>"; };
		E96D93082197493800C5F298 /* AppController.swift */ = {isa = PBXFileReference; lastKnownFileType = sourcecode.swift; path = AppController.swift; sourceTree = "<group>"; };
		E96D930A21974C1300C5F298 /* BaseFlowController.swift */ = {isa = PBXFileReference; lastKnownFileType = sourcecode.swift; path = BaseFlowController.swift; sourceTree = "<group>"; };
		E96D930C21974C3C00C5F298 /* UsersListFlowController.swift */ = {isa = PBXFileReference; lastKnownFileType = sourcecode.swift; path = UsersListFlowController.swift; sourceTree = "<group>"; };
		E96D930E2197598600C5F298 /* UsersListSavedUsersFetcher.swift */ = {isa = PBXFileReference; lastKnownFileType = sourcecode.swift; path = UsersListSavedUsersFetcher.swift; sourceTree = "<group>"; };
		E96D9311219857FF00C5F298 /* RealmUsersStorage.swift */ = {isa = PBXFileReference; fileEncoding = 4; lastKnownFileType = sourcecode.swift; path = RealmUsersStorage.swift; sourceTree = "<group>"; };
		E96D9313219858C800C5F298 /* UsersStorageProtocol.swift */ = {isa = PBXFileReference; lastKnownFileType = sourcecode.swift; path = UsersStorageProtocol.swift; sourceTree = "<group>"; };
		E96D93152198593100C5F298 /* RealmUserModel.swift */ = {isa = PBXFileReference; lastKnownFileType = sourcecode.swift; path = RealmUserModel.swift; sourceTree = "<group>"; };
		E96D9318219861A500C5F298 /* UserModel.swift */ = {isa = PBXFileReference; lastKnownFileType = sourcecode.swift; path = UserModel.swift; sourceTree = "<group>"; };
		E96D931B2198A7FD00C5F298 /* EditUserProfilePresenter.swift */ = {isa = PBXFileReference; lastKnownFileType = sourcecode.swift; path = EditUserProfilePresenter.swift; sourceTree = "<group>"; };
		E96D931C2198A7FD00C5F298 /* EditUserProfileRouting.swift */ = {isa = PBXFileReference; lastKnownFileType = sourcecode.swift; path = EditUserProfileRouting.swift; sourceTree = "<group>"; };
		E96D931D2198A7FD00C5F298 /* EditUserProfileModels.swift */ = {isa = PBXFileReference; lastKnownFileType = sourcecode.swift; path = EditUserProfileModels.swift; sourceTree = "<group>"; };
		E96D931E2198A7FD00C5F298 /* EditUserProfileViewController.swift */ = {isa = PBXFileReference; lastKnownFileType = sourcecode.swift; path = EditUserProfileViewController.swift; sourceTree = "<group>"; };
		E96D931F2198A7FD00C5F298 /* EditUserProfileInteractor.swift */ = {isa = PBXFileReference; lastKnownFileType = sourcecode.swift; path = EditUserProfileInteractor.swift; sourceTree = "<group>"; };
		E96D93202198A7FD00C5F298 /* EditUserProfileConfigurator.swift */ = {isa = PBXFileReference; lastKnownFileType = sourcecode.swift; path = EditUserProfileConfigurator.swift; sourceTree = "<group>"; };
		E96D93282198BBFD00C5F298 /* EditUserProfileTitleTextFieldCell.swift */ = {isa = PBXFileReference; lastKnownFileType = sourcecode.swift; path = EditUserProfileTitleTextFieldCell.swift; sourceTree = "<group>"; };
		E96D932A2198C0BE00C5F298 /* NavigationController.swift */ = {isa = PBXFileReference; lastKnownFileType = sourcecode.swift; path = NavigationController.swift; sourceTree = "<group>"; };
		E96D932C21996B1500C5F298 /* EditUserProfileUserImageView.swift */ = {isa = PBXFileReference; lastKnownFileType = sourcecode.swift; path = EditUserProfileUserImageView.swift; sourceTree = "<group>"; };
		E96D932E2199A13A00C5F298 /* KeyboardController.swift */ = {isa = PBXFileReference; fileEncoding = 4; lastKnownFileType = sourcecode.swift; path = KeyboardController.swift; sourceTree = "<group>"; };
		E96D93302199A20600C5F298 /* Array+RemoveObject.swift */ = {isa = PBXFileReference; fileEncoding = 4; lastKnownFileType = sourcecode.swift; path = "Array+RemoveObject.swift"; sourceTree = "<group>"; };
/* End PBXFileReference section */

/* Begin PBXFrameworksBuildPhase section */
		E959970A2195CA45002EEAB6 /* Frameworks */ = {
			isa = PBXFrameworksBuildPhase;
			buildActionMask = 2147483647;
			files = (
				0552A00324FDE141DE4FCA11 /* libPods-CleveroadTestTask.a in Frameworks */,
			);
			runOnlyForDeploymentPostprocessing = 0;
		};
/* End PBXFrameworksBuildPhase section */

/* Begin PBXGroup section */
		8628F35D030BD10B5BD64100 /* Frameworks */ = {
			isa = PBXGroup;
			children = (
				E90F1AE57D0347DBFA8D91BF /* libPods-CleveroadTestTask.a */,
			);
			name = Frameworks;
			sourceTree = "<group>";
		};
		DE018614E4C329D4D3A40B39 /* Pods */ = {
			isa = PBXGroup;
			children = (
				47EB458585247FE734110D2B /* Pods-CleveroadTestTask.debug.xcconfig */,
				220C0593EC17365C9EFB46BC /* Pods-CleveroadTestTask.release.xcconfig */,
			);
			name = Pods;
			sourceTree = "<group>";
		};
		E95997042195CA45002EEAB6 = {
			isa = PBXGroup;
			children = (
				E959970F2195CA45002EEAB6 /* CleveroadTestTask */,
				E959970E2195CA45002EEAB6 /* Products */,
				DE018614E4C329D4D3A40B39 /* Pods */,
				8628F35D030BD10B5BD64100 /* Frameworks */,
			);
			sourceTree = "<group>";
		};
		E959970E2195CA45002EEAB6 /* Products */ = {
			isa = PBXGroup;
			children = (
				E959970D2195CA45002EEAB6 /* CleveroadTestTask.app */,
			);
			name = Products;
			sourceTree = "<group>";
		};
		E959970F2195CA45002EEAB6 /* CleveroadTestTask */ = {
			isa = PBXGroup;
			children = (
				E95997242195CAFF002EEAB6 /* Resources */,
				E95997222195CAF2002EEAB6 /* Sources */,
			);
			path = CleveroadTestTask;
			sourceTree = "<group>";
		};
		E95997222195CAF2002EEAB6 /* Sources */ = {
			isa = PBXGroup;
			children = (
				E96D92E82195DA5A00C5F298 /* APIs */,
				E96D92E72195D9A100C5F298 /* Controllers */,
				E95997252195CB6A002EEAB6 /* Default */,
				E96D92C62195D1A800C5F298 /* FlowControllers */,
				E96D92C52195D1A200C5F298 /* Scenes */,
				E96D92D42195D23D00C5F298 /* Shared */,
			);
			path = Sources;
			sourceTree = "<group>";
		};
		E95997242195CAFF002EEAB6 /* Resources */ = {
			isa = PBXGroup;
			children = (
				E95997172195CA47002EEAB6 /* Assets.xcassets */,
				E95997192195CA47002EEAB6 /* LaunchScreen.storyboard */,
				E959971C2195CA47002EEAB6 /* Info.plist */,
			);
			path = Resources;
			sourceTree = "<group>";
		};
		E95997252195CB6A002EEAB6 /* Default */ = {
			isa = PBXGroup;
			children = (
				E95997102195CA45002EEAB6 /* AppDelegate.swift */,
			);
			path = Default;
			sourceTree = "<group>";
		};
		E96D92C52195D1A200C5F298 /* Scenes */ = {
			isa = PBXGroup;
			children = (
				E96D931A2198A7DC00C5F298 /* EditUserProfile */,
				E96D92C72195D1B400C5F298 /* UsersList */,
			);
			path = Scenes;
			sourceTree = "<group>";
		};
		E96D92C62195D1A800C5F298 /* FlowControllers */ = {
			isa = PBXGroup;
			children = (
				E96D930A21974C1300C5F298 /* BaseFlowController.swift */,
				E96D930C21974C3C00C5F298 /* UsersListFlowController.swift */,
			);
			path = FlowControllers;
			sourceTree = "<group>";
		};
		E96D92C72195D1B400C5F298 /* UsersList */ = {
			isa = PBXGroup;
			children = (
				E96D92CD2195D1DC00C5F298 /* UsersListConfigurator.swift */,
				E96D92CC2195D1DC00C5F298 /* UsersListInteractor.swift */,
				E96D92CA2195D1DC00C5F298 /* UsersListModels.swift */,
				E96D92C82195D1DC00C5F298 /* UsersListPresenter.swift */,
				E96D92C92195D1DC00C5F298 /* UsersListRouting.swift */,
				E96D92CB2195D1DC00C5F298 /* UsersListViewController.swift */,
				E96D92E62195D68A00C5F298 /* Views */,
				E96D92D82195D27700C5F298 /* Workers */,
			);
			path = UsersList;
			sourceTree = "<group>";
		};
		E96D92D42195D23D00C5F298 /* Shared */ = {
			isa = PBXGroup;
			children = (
				E96D92D52195D24000C5F298 /* Extensions */,
				E96D93172198619B00C5F298 /* Models */,
				E96D92DF2195D60C00C5F298 /* Protocols */,
				E96D93052197476F00C5F298 /* ViewControllers */,
			);
			path = Shared;
			sourceTree = "<group>";
		};
		E96D92D52195D24000C5F298 /* Extensions */ = {
			isa = PBXGroup;
			children = (
				E96D93302199A20600C5F298 /* Array+RemoveObject.swift */,
				E96D92FD2195E3DF00C5F298 /* Codable+Extensions.swift */,
				E96D92D62195D25A00C5F298 /* String+QueueLabel.swift */,
				E96D930321973B6F00C5F298 /* UIFont+Theme.swift */,
				E96D92FF21972F5700C5F298 /* UIView+Loading.swift */,
				E96D92E22195D63B00C5F298 /* UIViewController+Nib.swift */,
			);
			path = Extensions;
			sourceTree = "<group>";
		};
		E96D92D82195D27700C5F298 /* Workers */ = {
			isa = PBXGroup;
			children = (
				E96D930E2197598600C5F298 /* UsersListSavedUsersFetcher.swift */,
				E96D92DB2195D3B800C5F298 /* UsersListUsersFetcher.swift */,
				E96D92D92195D28800C5F298 /* UsersListUsersFetcherProtocol.swift */,
				E96D9310219857E100C5F298 /* UsersStorage */,
			);
			path = Workers;
			sourceTree = "<group>";
		};
		E96D92DF2195D60C00C5F298 /* Protocols */ = {
			isa = PBXGroup;
			children = (
				E96D92E02195D60C00C5F298 /* CellViewModelProtocol.swift */,
			);
			path = Protocols;
			sourceTree = "<group>";
		};
		E96D92E62195D68A00C5F298 /* Views */ = {
			isa = PBXGroup;
			children = (
				E96D92E42195D68600C5F298 /* UsersListTableViewCell.swift */,
			);
			path = Views;
			sourceTree = "<group>";
		};
		E96D92E72195D9A100C5F298 /* Controllers */ = {
			isa = PBXGroup;
			children = (
				E96D93082197493800C5F298 /* AppController.swift */,
				E96D932E2199A13A00C5F298 /* KeyboardController.swift */,
			);
			path = Controllers;
			sourceTree = "<group>";
		};
		E96D92E82195DA5A00C5F298 /* APIs */ = {
			isa = PBXGroup;
			children = (
				E96D92F22195DF4000C5F298 /* Common */,
				E96D92E92195DA5F00C5F298 /* Users */,
			);
			path = APIs;
			sourceTree = "<group>";
		};
		E96D92E92195DA5F00C5F298 /* Users */ = {
			isa = PBXGroup;
			children = (
				E96D92EA2195DA7900C5F298 /* UserApiModel.swift */,
				E96D92F92195E12300C5F298 /* UsersApi.swift */,
				E96D92F52195E0B300C5F298 /* UsersModel.swift */,
				E96D92EE2195DCAE00C5F298 /* UsersRequestBuilder.swift */,
			);
			path = Users;
			sourceTree = "<group>";
		};
		E96D92F22195DF4000C5F298 /* Common */ = {
			isa = PBXGroup;
			children = (
				E96D92FB2195E14B00C5F298 /* Api.swift */,
				E96D92F72195E0D400C5F298 /* APIErrorModel.swift */,
				E96D92EC2195DB8500C5F298 /* NetworkAdapter.swift */,
				E96D92F32195DF4D00C5F298 /* RequestBuilder.swift */,
				E96D92F02195DE6300C5F298 /* TargetTypeModel.swift */,
			);
			path = Common;
			sourceTree = "<group>";
		};
		E96D93052197476F00C5F298 /* ViewControllers */ = {
			isa = PBXGroup;
			children = (
				E96D932A2198C0BE00C5F298 /* NavigationController.swift */,
				E96D93062197478300C5F298 /* RootNavigationViewController.swift */,
			);
			path = ViewControllers;
			sourceTree = "<group>";
		};
		E96D9310219857E100C5F298 /* UsersStorage */ = {
			isa = PBXGroup;
			children = (
				E96D93152198593100C5F298 /* RealmUserModel.swift */,
				E96D9311219857FF00C5F298 /* RealmUsersStorage.swift */,
				E96D9313219858C800C5F298 /* UsersStorageProtocol.swift */,
			);
			path = UsersStorage;
			sourceTree = "<group>";
		};
		E96D93172198619B00C5F298 /* Models */ = {
			isa = PBXGroup;
			children = (
				E96D9318219861A500C5F298 /* UserModel.swift */,
			);
			path = Models;
			sourceTree = "<group>";
		};
		E96D931A2198A7DC00C5F298 /* EditUserProfile */ = {
			isa = PBXGroup;
			children = (
				E96D93202198A7FD00C5F298 /* EditUserProfileConfigurator.swift */,
				E96D931F2198A7FD00C5F298 /* EditUserProfileInteractor.swift */,
				E96D931D2198A7FD00C5F298 /* EditUserProfileModels.swift */,
				E96D931B2198A7FD00C5F298 /* EditUserProfilePresenter.swift */,
				E96D931C2198A7FD00C5F298 /* EditUserProfileRouting.swift */,
				E96D931E2198A7FD00C5F298 /* EditUserProfileViewController.swift */,
				E96D93272198A9EB00C5F298 /* Views */,
			);
			path = EditUserProfile;
			sourceTree = "<group>";
		};
		E96D93272198A9EB00C5F298 /* Views */ = {
			isa = PBXGroup;
			children = (
				E96D93282198BBFD00C5F298 /* EditUserProfileTitleTextFieldCell.swift */,
				E96D932C21996B1500C5F298 /* EditUserProfileUserImageView.swift */,
			);
			path = Views;
			sourceTree = "<group>";
		};
/* End PBXGroup section */

/* Begin PBXNativeTarget section */
		E959970C2195CA45002EEAB6 /* CleveroadTestTask */ = {
			isa = PBXNativeTarget;
			buildConfigurationList = E959971F2195CA47002EEAB6 /* Build configuration list for PBXNativeTarget "CleveroadTestTask" */;
			buildPhases = (
				B5708D4ABE52B52F905F6D9D /* [CP] Check Pods Manifest.lock */,
				E95997092195CA45002EEAB6 /* Sources */,
				E959970A2195CA45002EEAB6 /* Frameworks */,
				E959970B2195CA45002EEAB6 /* Resources */,
			);
			buildRules = (
			);
			dependencies = (
			);
			name = CleveroadTestTask;
			productName = CleveroadTestTask;
			productReference = E959970D2195CA45002EEAB6 /* CleveroadTestTask.app */;
			productType = "com.apple.product-type.application";
		};
/* End PBXNativeTarget section */

/* Begin PBXProject section */
		E95997052195CA45002EEAB6 /* Project object */ = {
			isa = PBXProject;
			attributes = {
				LastSwiftUpdateCheck = 1010;
				LastUpgradeCheck = 1010;
				ORGANIZATIONNAME = "Yegor Miroshnichenko";
				TargetAttributes = {
					E959970C2195CA45002EEAB6 = {
						CreatedOnToolsVersion = 10.1;
					};
				};
			};
			buildConfigurationList = E95997082195CA45002EEAB6 /* Build configuration list for PBXProject "CleveroadTestTask" */;
			compatibilityVersion = "Xcode 9.3";
			developmentRegion = en;
			hasScannedForEncodings = 0;
			knownRegions = (
				en,
				Base,
			);
			mainGroup = E95997042195CA45002EEAB6;
			productRefGroup = E959970E2195CA45002EEAB6 /* Products */;
			projectDirPath = "";
			projectRoot = "";
			targets = (
				E959970C2195CA45002EEAB6 /* CleveroadTestTask */,
			);
		};
/* End PBXProject section */

/* Begin PBXResourcesBuildPhase section */
		E959970B2195CA45002EEAB6 /* Resources */ = {
			isa = PBXResourcesBuildPhase;
			buildActionMask = 2147483647;
			files = (
				E959971B2195CA47002EEAB6 /* LaunchScreen.storyboard in Resources */,
				E95997182195CA47002EEAB6 /* Assets.xcassets in Resources */,
			);
			runOnlyForDeploymentPostprocessing = 0;
		};
/* End PBXResourcesBuildPhase section */

/* Begin PBXShellScriptBuildPhase section */
		B5708D4ABE52B52F905F6D9D /* [CP] Check Pods Manifest.lock */ = {
			isa = PBXShellScriptBuildPhase;
			buildActionMask = 2147483647;
			files = (
			);
			inputPaths = (
				"${PODS_PODFILE_DIR_PATH}/Podfile.lock",
				"${PODS_ROOT}/Manifest.lock",
			);
			name = "[CP] Check Pods Manifest.lock";
			outputPaths = (
				"$(DERIVED_FILE_DIR)/Pods-CleveroadTestTask-checkManifestLockResult.txt",
			);
			runOnlyForDeploymentPostprocessing = 0;
			shellPath = /bin/sh;
			shellScript = "diff \"${PODS_PODFILE_DIR_PATH}/Podfile.lock\" \"${PODS_ROOT}/Manifest.lock\" > /dev/null\nif [ $? != 0 ] ; then\n    # print error to STDERR\n    echo \"error: The sandbox is not in sync with the Podfile.lock. Run 'pod install' or update your CocoaPods installation.\" >&2\n    exit 1\nfi\n# This output is used by Xcode 'outputs' to avoid re-running this script phase.\necho \"SUCCESS\" > \"${SCRIPT_OUTPUT_FILE_0}\"\n";
			showEnvVarsInLog = 0;
		};
/* End PBXShellScriptBuildPhase section */

/* Begin PBXSourcesBuildPhase section */
		E95997092195CA45002EEAB6 /* Sources */ = {
			isa = PBXSourcesBuildPhase;
			buildActionMask = 2147483647;
			files = (
				E96D93232198A7FD00C5F298 /* EditUserProfileModels.swift in Sources */,
				E96D92D02195D1DC00C5F298 /* UsersListModels.swift in Sources */,
				E96D930D21974C3C00C5F298 /* UsersListFlowController.swift in Sources */,
				E96D92E52195D68600C5F298 /* UsersListTableViewCell.swift in Sources */,
				E96D92D32195D1DC00C5F298 /* UsersListConfigurator.swift in Sources */,
				E96D92DA2195D28800C5F298 /* UsersListUsersFetcherProtocol.swift in Sources */,
				E96D92F42195DF4D00C5F298 /* RequestBuilder.swift in Sources */,
				E96D92D72195D25B00C5F298 /* String+QueueLabel.swift in Sources */,
				E96D932F2199A13A00C5F298 /* KeyboardController.swift in Sources */,
				E95997112195CA45002EEAB6 /* AppDelegate.swift in Sources */,
				E96D9319219861A500C5F298 /* UserModel.swift in Sources */,
				E96D93222198A7FD00C5F298 /* EditUserProfileRouting.swift in Sources */,
				E96D92F12195DE6300C5F298 /* TargetTypeModel.swift in Sources */,
				E96D92F62195E0B300C5F298 /* UsersModel.swift in Sources */,
				E96D930F2197598600C5F298 /* UsersListSavedUsersFetcher.swift in Sources */,
				E96D93242198A7FD00C5F298 /* EditUserProfileViewController.swift in Sources */,
				E96D92CE2195D1DC00C5F298 /* UsersListPresenter.swift in Sources */,
				E96D93292198BBFD00C5F298 /* EditUserProfileTitleTextFieldCell.swift in Sources */,
				E96D930B21974C1300C5F298 /* BaseFlowController.swift in Sources */,
				E96D93212198A7FD00C5F298 /* EditUserProfilePresenter.swift in Sources */,
				E96D93252198A7FD00C5F298 /* EditUserProfileInteractor.swift in Sources */,
				E96D932B2198C0BE00C5F298 /* NavigationController.swift in Sources */,
				E96D930421973B6F00C5F298 /* UIFont+Theme.swift in Sources */,
				E96D9314219858C800C5F298 /* UsersStorageProtocol.swift in Sources */,
				E96D92DC2195D3B800C5F298 /* UsersListUsersFetcher.swift in Sources */,
				E96D93162198593100C5F298 /* RealmUserModel.swift in Sources */,
				E96D92D12195D1DC00C5F298 /* UsersListViewController.swift in Sources */,
				E96D93262198A7FD00C5F298 /* EditUserProfileConfigurator.swift in Sources */,
				E96D932D21996B1500C5F298 /* EditUserProfileUserImageView.swift in Sources */,
				E96D9312219857FF00C5F298 /* RealmUsersStorage.swift in Sources */,
				E96D92EF2195DCAE00C5F298 /* UsersRequestBuilder.swift in Sources */,
				E96D92EB2195DA7900C5F298 /* UserApiModel.swift in Sources */,
				E96D92F82195E0D400C5F298 /* APIErrorModel.swift in Sources */,
				E96D92ED2195DB8500C5F298 /* NetworkAdapter.swift in Sources */,
				E96D92D22195D1DC00C5F298 /* UsersListInteractor.swift in Sources */,
				E96D92FC2195E14B00C5F298 /* Api.swift in Sources */,
				E96D930021972F5700C5F298 /* UIView+Loading.swift in Sources */,
				E96D92FA2195E12300C5F298 /* UsersApi.swift in Sources */,
				E96D92E12195D60D00C5F298 /* CellViewModelProtocol.swift in Sources */,
				E96D92E32195D63B00C5F298 /* UIViewController+Nib.swift in Sources */,
				E96D93092197493800C5F298 /* AppController.swift in Sources */,
				E96D93312199A20600C5F298 /* Array+RemoveObject.swift in Sources */,
				E96D92FE2195E3DF00C5F298 /* Codable+Extensions.swift in Sources */,
				E96D93072197478300C5F298 /* RootNavigationViewController.swift in Sources */,
				E96D92CF2195D1DC00C5F298 /* UsersListRouting.swift in Sources */,
			);
			runOnlyForDeploymentPostprocessing = 0;
		};
/* End PBXSourcesBuildPhase section */

/* Begin PBXVariantGroup section */
		E95997192195CA47002EEAB6 /* LaunchScreen.storyboard */ = {
			isa = PBXVariantGroup;
			children = (
				E959971A2195CA47002EEAB6 /* Base */,
			);
			name = LaunchScreen.storyboard;
			sourceTree = "<group>";
		};
/* End PBXVariantGroup section */

/* Begin XCBuildConfiguration section */
		E959971D2195CA47002EEAB6 /* Debug */ = {
			isa = XCBuildConfiguration;
			buildSettings = {
				ALWAYS_SEARCH_USER_PATHS = NO;
				CLANG_ANALYZER_NONNULL = YES;
				CLANG_ANALYZER_NUMBER_OBJECT_CONVERSION = YES_AGGRESSIVE;
				CLANG_CXX_LANGUAGE_STANDARD = "gnu++14";
				CLANG_CXX_LIBRARY = "libc++";
				CLANG_ENABLE_MODULES = YES;
				CLANG_ENABLE_OBJC_ARC = YES;
				CLANG_ENABLE_OBJC_WEAK = YES;
				CLANG_WARN_BLOCK_CAPTURE_AUTORELEASING = YES;
				CLANG_WARN_BOOL_CONVERSION = YES;
				CLANG_WARN_COMMA = YES;
				CLANG_WARN_CONSTANT_CONVERSION = YES;
				CLANG_WARN_DEPRECATED_OBJC_IMPLEMENTATIONS = YES;
				CLANG_WARN_DIRECT_OBJC_ISA_USAGE = YES_ERROR;
				CLANG_WARN_DOCUMENTATION_COMMENTS = YES;
				CLANG_WARN_EMPTY_BODY = YES;
				CLANG_WARN_ENUM_CONVERSION = YES;
				CLANG_WARN_INFINITE_RECURSION = YES;
				CLANG_WARN_INT_CONVERSION = YES;
				CLANG_WARN_NON_LITERAL_NULL_CONVERSION = YES;
				CLANG_WARN_OBJC_IMPLICIT_RETAIN_SELF = YES;
				CLANG_WARN_OBJC_LITERAL_CONVERSION = YES;
				CLANG_WARN_OBJC_ROOT_CLASS = YES_ERROR;
				CLANG_WARN_RANGE_LOOP_ANALYSIS = YES;
				CLANG_WARN_STRICT_PROTOTYPES = YES;
				CLANG_WARN_SUSPICIOUS_MOVE = YES;
				CLANG_WARN_UNGUARDED_AVAILABILITY = YES_AGGRESSIVE;
				CLANG_WARN_UNREACHABLE_CODE = YES;
				CLANG_WARN__DUPLICATE_METHOD_MATCH = YES;
				CODE_SIGN_IDENTITY = "iPhone Developer";
				COPY_PHASE_STRIP = NO;
				DEBUG_INFORMATION_FORMAT = dwarf;
				ENABLE_STRICT_OBJC_MSGSEND = YES;
				ENABLE_TESTABILITY = YES;
				GCC_C_LANGUAGE_STANDARD = gnu11;
				GCC_DYNAMIC_NO_PIC = NO;
				GCC_NO_COMMON_BLOCKS = YES;
				GCC_OPTIMIZATION_LEVEL = 0;
				GCC_PREPROCESSOR_DEFINITIONS = (
					"DEBUG=1",
					"$(inherited)",
				);
				GCC_WARN_64_TO_32_BIT_CONVERSION = YES;
				GCC_WARN_ABOUT_RETURN_TYPE = YES_ERROR;
				GCC_WARN_UNDECLARED_SELECTOR = YES;
				GCC_WARN_UNINITIALIZED_AUTOS = YES_AGGRESSIVE;
				GCC_WARN_UNUSED_FUNCTION = YES;
				GCC_WARN_UNUSED_VARIABLE = YES;
				IPHONEOS_DEPLOYMENT_TARGET = 12.1;
				MTL_ENABLE_DEBUG_INFO = INCLUDE_SOURCE;
				MTL_FAST_MATH = YES;
				ONLY_ACTIVE_ARCH = YES;
				SDKROOT = iphoneos;
				SWIFT_ACTIVE_COMPILATION_CONDITIONS = DEBUG;
				SWIFT_OPTIMIZATION_LEVEL = "-Onone";
			};
			name = Debug;
		};
		E959971E2195CA47002EEAB6 /* Release */ = {
			isa = XCBuildConfiguration;
			buildSettings = {
				ALWAYS_SEARCH_USER_PATHS = NO;
				CLANG_ANALYZER_NONNULL = YES;
				CLANG_ANALYZER_NUMBER_OBJECT_CONVERSION = YES_AGGRESSIVE;
				CLANG_CXX_LANGUAGE_STANDARD = "gnu++14";
				CLANG_CXX_LIBRARY = "libc++";
				CLANG_ENABLE_MODULES = YES;
				CLANG_ENABLE_OBJC_ARC = YES;
				CLANG_ENABLE_OBJC_WEAK = YES;
				CLANG_WARN_BLOCK_CAPTURE_AUTORELEASING = YES;
				CLANG_WARN_BOOL_CONVERSION = YES;
				CLANG_WARN_COMMA = YES;
				CLANG_WARN_CONSTANT_CONVERSION = YES;
				CLANG_WARN_DEPRECATED_OBJC_IMPLEMENTATIONS = YES;
				CLANG_WARN_DIRECT_OBJC_ISA_USAGE = YES_ERROR;
				CLANG_WARN_DOCUMENTATION_COMMENTS = YES;
				CLANG_WARN_EMPTY_BODY = YES;
				CLANG_WARN_ENUM_CONVERSION = YES;
				CLANG_WARN_INFINITE_RECURSION = YES;
				CLANG_WARN_INT_CONVERSION = YES;
				CLANG_WARN_NON_LITERAL_NULL_CONVERSION = YES;
				CLANG_WARN_OBJC_IMPLICIT_RETAIN_SELF = YES;
				CLANG_WARN_OBJC_LITERAL_CONVERSION = YES;
				CLANG_WARN_OBJC_ROOT_CLASS = YES_ERROR;
				CLANG_WARN_RANGE_LOOP_ANALYSIS = YES;
				CLANG_WARN_STRICT_PROTOTYPES = YES;
				CLANG_WARN_SUSPICIOUS_MOVE = YES;
				CLANG_WARN_UNGUARDED_AVAILABILITY = YES_AGGRESSIVE;
				CLANG_WARN_UNREACHABLE_CODE = YES;
				CLANG_WARN__DUPLICATE_METHOD_MATCH = YES;
				CODE_SIGN_IDENTITY = "iPhone Developer";
				COPY_PHASE_STRIP = NO;
				DEBUG_INFORMATION_FORMAT = "dwarf-with-dsym";
				ENABLE_NS_ASSERTIONS = NO;
				ENABLE_STRICT_OBJC_MSGSEND = YES;
				GCC_C_LANGUAGE_STANDARD = gnu11;
				GCC_NO_COMMON_BLOCKS = YES;
				GCC_WARN_64_TO_32_BIT_CONVERSION = YES;
				GCC_WARN_ABOUT_RETURN_TYPE = YES_ERROR;
				GCC_WARN_UNDECLARED_SELECTOR = YES;
				GCC_WARN_UNINITIALIZED_AUTOS = YES_AGGRESSIVE;
				GCC_WARN_UNUSED_FUNCTION = YES;
				GCC_WARN_UNUSED_VARIABLE = YES;
				IPHONEOS_DEPLOYMENT_TARGET = 12.1;
				MTL_ENABLE_DEBUG_INFO = NO;
				MTL_FAST_MATH = YES;
				SDKROOT = iphoneos;
				SWIFT_COMPILATION_MODE = wholemodule;
				SWIFT_OPTIMIZATION_LEVEL = "-O";
				VALIDATE_PRODUCT = YES;
			};
			name = Release;
		};
		E95997202195CA47002EEAB6 /* Debug */ = {
			isa = XCBuildConfiguration;
			baseConfigurationReference = 47EB458585247FE734110D2B /* Pods-CleveroadTestTask.debug.xcconfig */;
			buildSettings = {
				ASSETCATALOG_COMPILER_APPICON_NAME = AppIcon;
				CODE_SIGN_STYLE = Automatic;
				DEVELOPMENT_TEAM = E8RRW68D5D;
				INFOPLIST_FILE = CleveroadTestTask/Resources/Info.plist;
				IPHONEOS_DEPLOYMENT_TARGET = 10.0;
				LD_RUNPATH_SEARCH_PATHS = (
					"$(inherited)",
					"@executable_path/Frameworks",
				);
				PRODUCT_BUNDLE_IDENTIFIER = lowkostkustomz.CleveroadTestTask;
				PRODUCT_NAME = "$(TARGET_NAME)";
				SWIFT_VERSION = 4.2;
				TARGETED_DEVICE_FAMILY = 1;
			};
			name = Debug;
		};
		E95997212195CA47002EEAB6 /* Release */ = {
			isa = XCBuildConfiguration;
			baseConfigurationReference = 220C0593EC17365C9EFB46BC /* Pods-CleveroadTestTask.release.xcconfig */;
			buildSettings = {
				ASSETCATALOG_COMPILER_APPICON_NAME = AppIcon;
				CODE_SIGN_STYLE = Automatic;
				DEVELOPMENT_TEAM = E8RRW68D5D;
				INFOPLIST_FILE = CleveroadTestTask/Resources/Info.plist;
				IPHONEOS_DEPLOYMENT_TARGET = 10.0;
				LD_RUNPATH_SEARCH_PATHS = (
					"$(inherited)",
					"@executable_path/Frameworks",
				);
				PRODUCT_BUNDLE_IDENTIFIER = lowkostkustomz.CleveroadTestTask;
				PRODUCT_NAME = "$(TARGET_NAME)";
				SWIFT_VERSION = 4.2;
				TARGETED_DEVICE_FAMILY = 1;
			};
			name = Release;
		};
/* End XCBuildConfiguration section */

/* Begin XCConfigurationList section */
		E95997082195CA45002EEAB6 /* Build configuration list for PBXProject "CleveroadTestTask" */ = {
			isa = XCConfigurationList;
			buildConfigurations = (
				E959971D2195CA47002EEAB6 /* Debug */,
				E959971E2195CA47002EEAB6 /* Release */,
			);
			defaultConfigurationIsVisible = 0;
			defaultConfigurationName = Release;
		};
		E959971F2195CA47002EEAB6 /* Build configuration list for PBXNativeTarget "CleveroadTestTask" */ = {
			isa = XCConfigurationList;
			buildConfigurations = (
				E95997202195CA47002EEAB6 /* Debug */,
				E95997212195CA47002EEAB6 /* Release */,
			);
			defaultConfigurationIsVisible = 0;
			defaultConfigurationName = Release;
		};
/* End XCConfigurationList section */
	};
	rootObject = E95997052195CA45002EEAB6 /* Project object */;
}
